
Microsoft Visual Studio Solution File, Format Version 12.00
# Visual Studio 14
VisualStudioVersion = 14.0.25123.0
MinimumVisualStudioVersion = 10.0.40219.1
Project("{FAE04EC0-301F-11D3-BF4B-00C04F79EFBC}") = "ImageStitchingSystem", "ImageStitchingSystem\ImageStitchingSystem.csproj", "{980F565D-2135-4433-BDC2-83187B6C23CA}"
EndProject
Project("{FAE04EC0-301F-11D3-BF4B-00C04F79EFBC}") = "ImageStitchingSystemNew", "ImageStitchingSystemNew\ImageStitchingSystemNew.csproj", "{524DC1F2-219B-4B67-923B-432A999EFD1C}"
EndProject
Project("{FAE04EC0-301F-11D3-BF4B-00C04F79EFBC}") = "UnitTestProject", "UnitTestProject\UnitTestProject.csproj", "{5F0D92F1-62D7-4F72-AF17-743312783028}"
EndProject
Project("{6141683F-8A12-4E36-9623-2EB02B2C2303}") = "setup", "Setup\setup.isproj", "{624C0B20-A483-4D5C-BD19-E64C1AA7F6AE}"
	ProjectSection(ProjectDependencies) = postProject
		{980F565D-2135-4433-BDC2-83187B6C23CA} = {980F565D-2135-4433-BDC2-83187B6C23CA}
	EndProjectSection
EndProject
Global
	GlobalSection(SolutionConfigurationPlatforms) = preSolution
		CD_ROM|Any CPU = CD_ROM|Any CPU
		CD_ROM|ARM = CD_ROM|ARM
		CD_ROM|x64 = CD_ROM|x64
		CD_ROM|x86 = CD_ROM|x86
		Debug|Any CPU = Debug|Any CPU
		Debug|ARM = Debug|ARM
		Debug|x64 = Debug|x64
		Debug|x86 = Debug|x86
		DVD-5|Any CPU = DVD-5|Any CPU
		DVD-5|ARM = DVD-5|ARM
		DVD-5|x64 = DVD-5|x64
		DVD-5|x86 = DVD-5|x86
		Release|Any CPU = Release|Any CPU
		Release|ARM = Release|ARM
		Release|x64 = Release|x64
		Release|x86 = Release|x86
		SingleImage|Any CPU = SingleImage|Any CPU
		SingleImage|ARM = SingleImage|ARM
		SingleImage|x64 = SingleImage|x64
		SingleImage|x86 = SingleImage|x86
	EndGlobalSection
	GlobalSection(ProjectConfigurationPlatforms) = postSolution
		{980F565D-2135-4433-BDC2-83187B6C23CA}.CD_ROM|Any CPU.ActiveCfg = Release|Any CPU
		{980F565D-2135-4433-BDC2-83187B6C23CA}.CD_ROM|Any CPU.Build.0 = Release|Any CPU
		{980F565D-2135-4433-BDC2-83187B6C23CA}.CD_ROM|ARM.ActiveCfg = Release|Any CPU
		{980F565D-2135-4433-BDC2-83187B6C23CA}.CD_ROM|ARM.Build.0 = Release|Any CPU
		{980F565D-2135-4433-BDC2-83187B6C23CA}.CD_ROM|x64.ActiveCfg = Release|Any CPU
		{980F565D-2135-4433-BDC2-83187B6C23CA}.CD_ROM|x64.Build.0 = Release|Any CPU
		{980F565D-2135-4433-BDC2-83187B6C23CA}.CD_ROM|x86.ActiveCfg = Release|Any CPU
		{980F565D-2135-4433-BDC2-83187B6C23CA}.CD_ROM|x86.Build.0 = Release|Any CPU
		{980F565D-2135-4433-BDC2-83187B6C23CA}.Debug|Any CPU.ActiveCfg = Debug|Any CPU
		{980F565D-2135-4433-BDC2-83187B6C23CA}.Debug|Any CPU.Build.0 = Debug|Any CPU
		{980F565D-2135-4433-BDC2-83187B6C23CA}.Debug|ARM.ActiveCfg = Debug|Any CPU
		{980F565D-2135-4433-BDC2-83187B6C23CA}.Debug|ARM.Build.0 = Debug|Any CPU
		{980F565D-2135-4433-BDC2-83187B6C23CA}.Debug|x64.ActiveCfg = Debug|Any CPU
		{980F565D-2135-4433-BDC2-83187B6C23CA}.Debug|x64.Build.0 = Debug|Any CPU
		{980F565D-2135-4433-BDC2-83187B6C23CA}.Debug|x86.ActiveCfg = Debug|Any CPU
		{980F565D-2135-4433-BDC2-83187B6C23CA}.Debug|x86.Build.0 = Debug|Any CPU
		{980F565D-2135-4433-BDC2-83187B6C23CA}.DVD-5|Any CPU.ActiveCfg = Debug|Any CPU
		{980F565D-2135-4433-BDC2-83187B6C23CA}.DVD-5|Any CPU.Build.0 = Debug|Any CPU
		{980F565D-2135-4433-BDC2-83187B6C23CA}.DVD-5|ARM.ActiveCfg = Debug|Any CPU
		{980F565D-2135-4433-BDC2-83187B6C23CA}.DVD-5|ARM.Build.0 = Debug|Any CPU
		{980F565D-2135-4433-BDC2-83187B6C23CA}.DVD-5|x64.ActiveCfg = Debug|Any CPU
		{980F565D-2135-4433-BDC2-83187B6C23CA}.DVD-5|x64.Build.0 = Debug|Any CPU
		{980F565D-2135-4433-BDC2-83187B6C23CA}.DVD-5|x86.ActiveCfg = Debug|Any CPU
		{980F565D-2135-4433-BDC2-83187B6C23CA}.DVD-5|x86.Build.0 = Debug|Any CPU
		{980F565D-2135-4433-BDC2-83187B6C23CA}.Release|Any CPU.ActiveCfg = Release|Any CPU
		{980F565D-2135-4433-BDC2-83187B6C23CA}.Release|Any CPU.Build.0 = Release|Any CPU
		{980F565D-2135-4433-BDC2-83187B6C23CA}.Release|ARM.ActiveCfg = Release|Any CPU
		{980F565D-2135-4433-BDC2-83187B6C23CA}.Release|ARM.Build.0 = Release|Any CPU
		{980F565D-2135-4433-BDC2-83187B6C23CA}.Release|x64.ActiveCfg = Release|Any CPU
		{980F565D-2135-4433-BDC2-83187B6C23CA}.Release|x64.Build.0 = Release|Any CPU
		{980F565D-2135-4433-BDC2-83187B6C23CA}.Release|x86.ActiveCfg = Release|Any CPU
		{980F565D-2135-4433-BDC2-83187B6C23CA}.Release|x86.Build.0 = Release|Any CPU
		{980F565D-2135-4433-BDC2-83187B6C23CA}.SingleImage|Any CPU.ActiveCfg = Release|Any CPU
		{980F565D-2135-4433-BDC2-83187B6C23CA}.SingleImage|Any CPU.Build.0 = Release|Any CPU
		{980F565D-2135-4433-BDC2-83187B6C23CA}.SingleImage|ARM.ActiveCfg = Release|Any CPU
		{980F565D-2135-4433-BDC2-83187B6C23CA}.SingleImage|ARM.Build.0 = Release|Any CPU
		{980F565D-2135-4433-BDC2-83187B6C23CA}.SingleImage|x64.ActiveCfg = Release|Any CPU
		{980F565D-2135-4433-BDC2-83187B6C23CA}.SingleImage|x64.Build.0 = Release|Any CPU
		{980F565D-2135-4433-BDC2-83187B6C23CA}.SingleImage|x86.ActiveCfg = Release|Any CPU
		{980F565D-2135-4433-BDC2-83187B6C23CA}.SingleImage|x86.Build.0 = Release|Any CPU
		{524DC1F2-219B-4B67-923B-432A999EFD1C}.CD_ROM|Any CPU.ActiveCfg = Release|Any CPU
		{524DC1F2-219B-4B67-923B-432A999EFD1C}.CD_ROM|ARM.ActiveCfg = Release|Any CPU
		{524DC1F2-219B-4B67-923B-432A999EFD1C}.CD_ROM|x64.ActiveCfg = Release|Any CPU
		{524DC1F2-219B-4B67-923B-432A999EFD1C}.CD_ROM|x86.ActiveCfg = Release|Any CPU
		{524DC1F2-219B-4B67-923B-432A999EFD1C}.Debug|Any CPU.ActiveCfg = Debug|Any CPU
		{524DC1F2-219B-4B67-923B-432A999EFD1C}.Debug|Any CPU.Build.0 = Debug|Any CPU
		{524DC1F2-219B-4B67-923B-432A999EFD1C}.Debug|ARM.ActiveCfg = Debug|Any CPU
		{524DC1F2-219B-4B67-923B-432A999EFD1C}.Debug|ARM.Build.0 = Debug|Any CPU
		{524DC1F2-219B-4B67-923B-432A999EFD1C}.Debug|x64.ActiveCfg = Debug|Any CPU
		{524DC1F2-219B-4B67-923B-432A999EFD1C}.Debug|x64.Build.0 = Debug|Any CPU
		{524DC1F2-219B-4B67-923B-432A999EFD1C}.Debug|x86.ActiveCfg = Debug|Any CPU
		{524DC1F2-219B-4B67-923B-432A999EFD1C}.Debug|x86.Build.0 = Debug|Any CPU
		{524DC1F2-219B-4B67-923B-432A999EFD1C}.DVD-5|Any CPU.ActiveCfg = Debug|Any CPU
		{524DC1F2-219B-4B67-923B-432A999EFD1C}.DVD-5|ARM.ActiveCfg = Debug|Any CPU
		{524DC1F2-219B-4B67-923B-432A999EFD1C}.DVD-5|x64.ActiveCfg = Debug|Any CPU
		{524DC1F2-219B-4B67-923B-432A999EFD1C}.DVD-5|x86.ActiveCfg = Debug|Any CPU
		{524DC1F2-219B-4B67-923B-432A999EFD1C}.Release|Any CPU.ActiveCfg = Release|Any CPU
		{524DC1F2-219B-4B67-923B-432A999EFD1C}.Release|Any CPU.Build.0 = Release|Any CPU
		{524DC1F2-219B-4B67-923B-432A999EFD1C}.Release|ARM.ActiveCfg = Release|Any CPU
		{524DC1F2-219B-4B67-923B-432A999EFD1C}.Release|ARM.Build.0 = Release|Any CPU
		{524DC1F2-219B-4B67-923B-432A999EFD1C}.Release|x64.ActiveCfg = Release|Any CPU
		{524DC1F2-219B-4B67-923B-432A999EFD1C}.Release|x64.Build.0 = Release|Any CPU
		{524DC1F2-219B-4B67-923B-432A999EFD1C}.Release|x86.ActiveCfg = Release|Any CPU
		{524DC1F2-219B-4B67-923B-432A999EFD1C}.Release|x86.Build.0 = Release|Any CPU
		{524DC1F2-219B-4B67-923B-432A999EFD1C}.SingleImage|Any CPU.ActiveCfg = Release|Any CPU
		{524DC1F2-219B-4B67-923B-432A999EFD1C}.SingleImage|ARM.ActiveCfg = Release|Any CPU
		{524DC1F2-219B-4B67-923B-432A999EFD1C}.SingleImage|x64.ActiveCfg = Release|Any CPU
		{524DC1F2-219B-4B67-923B-432A999EFD1C}.SingleImage|x86.ActiveCfg = Release|Any CPU
		{5F0D92F1-62D7-4F72-AF17-743312783028}.CD_ROM|Any CPU.ActiveCfg = Release|Any CPU
		{5F0D92F1-62D7-4F72-AF17-743312783028}.CD_ROM|Any CPU.Build.0 = Release|Any CPU
		{5F0D92F1-62D7-4F72-AF17-743312783028}.CD_ROM|ARM.ActiveCfg = Release|Any CPU
		{5F0D92F1-62D7-4F72-AF17-743312783028}.CD_ROM|ARM.Build.0 = Release|Any CPU
		{5F0D92F1-62D7-4F72-AF17-743312783028}.CD_ROM|x64.ActiveCfg = Release|Any CPU
		{5F0D92F1-62D7-4F72-AF17-743312783028}.CD_ROM|x64.Build.0 = Release|Any CPU
		{5F0D92F1-62D7-4F72-AF17-743312783028}.CD_ROM|x86.ActiveCfg = Release|Any CPU
		{5F0D92F1-62D7-4F72-AF17-743312783028}.CD_ROM|x86.Build.0 = Release|Any CPU
		{5F0D92F1-62D7-4F72-AF17-743312783028}.Debug|Any CPU.ActiveCfg = Debug|Any CPU
		{5F0D92F1-62D7-4F72-AF17-743312783028}.Debug|Any CPU.Build.0 = Debug|Any CPU
		{5F0D92F1-62D7-4F72-AF17-743312783028}.Debug|ARM.ActiveCfg = Debug|Any CPU
		{5F0D92F1-62D7-4F72-AF17-743312783028}.Debug|ARM.Build.0 = Debug|Any CPU
		{5F0D92F1-62D7-4F72-AF17-743312783028}.Debug|x64.ActiveCfg = Debug|Any CPU
		{5F0D92F1-62D7-4F72-AF17-743312783028}.Debug|x64.Build.0 = Debug|Any CPU
		{5F0D92F1-62D7-4F72-AF17-743312783028}.Debug|x86.ActiveCfg = Debug|Any CPU
		{5F0D92F1-62D7-4F72-AF17-743312783028}.Debug|x86.Build.0 = Debug|Any CPU
		{5F0D92F1-62D7-4F72-AF17-743312783028}.DVD-5|Any CPU.ActiveCfg = Debug|Any CPU
		{5F0D92F1-62D7-4F72-AF17-743312783028}.DVD-5|Any CPU.Build.0 = Debug|Any CPU
		{5F0D92F1-62D7-4F72-AF17-743312783028}.DVD-5|ARM.ActiveCfg = Debug|Any CPU
		{5F0D92F1-62D7-4F72-AF17-743312783028}.DVD-5|ARM.Build.0 = Debug|Any CPU
		{5F0D92F1-62D7-4F72-AF17-743312783028}.DVD-5|x64.ActiveCfg = Debug|Any CPU
		{5F0D92F1-62D7-4F72-AF17-743312783028}.DVD-5|x64.Build.0 = Debug|Any CPU
		{5F0D92F1-62D7-4F72-AF17-743312783028}.DVD-5|x86.ActiveCfg = Debug|Any CPU
		{5F0D92F1-62D7-4F72-AF17-743312783028}.DVD-5|x86.Build.0 = Debug|Any CPU
		{5F0D92F1-62D7-4F72-AF17-743312783028}.Release|Any CPU.ActiveCfg = Release|Any CPU
		{5F0D92F1-62D7-4F72-AF17-743312783028}.Release|Any CPU.Build.0 = Release|Any CPU
		{5F0D92F1-62D7-4F72-AF17-743312783028}.Release|ARM.ActiveCfg = Release|Any CPU
		{5F0D92F1-62D7-4F72-AF17-743312783028}.Release|ARM.Build.0 = Release|Any CPU
		{5F0D92F1-62D7-4F72-AF17-743312783028}.Release|x64.ActiveCfg = Release|Any CPU
		{5F0D92F1-62D7-4F72-AF17-743312783028}.Release|x64.Build.0 = Release|Any CPU
		{5F0D92F1-62D7-4F72-AF17-743312783028}.Release|x86.ActiveCfg = Release|Any CPU
		{5F0D92F1-62D7-4F72-AF17-743312783028}.Release|x86.Build.0 = Release|Any CPU
		{5F0D92F1-62D7-4F72-AF17-743312783028}.SingleImage|Any CPU.ActiveCfg = Release|Any CPU
		{5F0D92F1-62D7-4F72-AF17-743312783028}.SingleImage|Any CPU.Build.0 = Release|Any CPU
		{5F0D92F1-62D7-4F72-AF17-743312783028}.SingleImage|ARM.ActiveCfg = Release|Any CPU
		{5F0D92F1-62D7-4F72-AF17-743312783028}.SingleImage|ARM.Build.0 = Release|Any CPU
		{5F0D92F1-62D7-4F72-AF17-743312783028}.SingleImage|x64.ActiveCfg = Release|Any CPU
		{5F0D92F1-62D7-4F72-AF17-743312783028}.SingleImage|x64.Build.0 = Release|Any CPU
		{5F0D92F1-62D7-4F72-AF17-743312783028}.SingleImage|x86.ActiveCfg = Release|Any CPU
		{5F0D92F1-62D7-4F72-AF17-743312783028}.SingleImage|x86.Build.0 = Release|Any CPU
		{624C0B20-A483-4D5C-BD19-E64C1AA7F6AE}.CD_ROM|Any CPU.ActiveCfg = CD_ROM
		{624C0B20-A483-4D5C-BD19-E64C1AA7F6AE}.CD_ROM|Any CPU.Build.0 = CD_ROM
		{624C0B20-A483-4D5C-BD19-E64C1AA7F6AE}.CD_ROM|ARM.ActiveCfg = CD_ROM
		{624C0B20-A483-4D5C-BD19-E64C1AA7F6AE}.CD_ROM|ARM.Build.0 = CD_ROM
		{624C0B20-A483-4D5C-BD19-E64C1AA7F6AE}.CD_ROM|x64.ActiveCfg = CD_ROM
		{624C0B20-A483-4D5C-BD19-E64C1AA7F6AE}.CD_ROM|x64.Build.0 = CD_ROM
		{624C0B20-A483-4D5C-BD19-E64C1AA7F6AE}.CD_ROM|x86.ActiveCfg = CD_ROM
		{624C0B20-A483-4D5C-BD19-E64C1AA7F6AE}.CD_ROM|x86.Build.0 = CD_ROM
		{624C0B20-A483-4D5C-BD19-E64C1AA7F6AE}.Debug|Any CPU.ActiveCfg = DVD-5
		{624C0B20-A483-4D5C-BD19-E64C1AA7F6AE}.Debug|Any CPU.Build.0 = DVD-5
		{624C0B20-A483-4D5C-BD19-E64C1AA7F6AE}.Debug|ARM.ActiveCfg = DVD-5
		{624C0B20-A483-4D5C-BD19-E64C1AA7F6AE}.Debug|ARM.Build.0 = DVD-5
		{624C0B20-A483-4D5C-BD19-E64C1AA7F6AE}.Debug|x64.ActiveCfg = DVD-5
		{624C0B20-A483-4D5C-BD19-E64C1AA7F6AE}.Debug|x64.Build.0 = DVD-5
		{624C0B20-A483-4D5C-BD19-E64C1AA7F6AE}.Debug|x86.ActiveCfg = DVD-5
		{624C0B20-A483-4D5C-BD19-E64C1AA7F6AE}.Debug|x86.Build.0 = DVD-5
		{624C0B20-A483-4D5C-BD19-E64C1AA7F6AE}.DVD-5|Any CPU.ActiveCfg = DVD-5
		{624C0B20-A483-4D5C-BD19-E64C1AA7F6AE}.DVD-5|Any CPU.Build.0 = DVD-5
		{624C0B20-A483-4D5C-BD19-E64C1AA7F6AE}.DVD-5|ARM.ActiveCfg = DVD-5
		{624C0B20-A483-4D5C-BD19-E64C1AA7F6AE}.DVD-5|ARM.Build.0 = DVD-5
		{624C0B20-A483-4D5C-BD19-E64C1AA7F6AE}.DVD-5|x64.ActiveCfg = DVD-5
		{624C0B20-A483-4D5C-BD19-E64C1AA7F6AE}.DVD-5|x64.Build.0 = DVD-5
		{624C0B20-A483-4D5C-BD19-E64C1AA7F6AE}.DVD-5|x86.ActiveCfg = DVD-5
		{624C0B20-A483-4D5C-BD19-E64C1AA7F6AE}.DVD-5|x86.Build.0 = DVD-5
		{624C0B20-A483-4D5C-BD19-E64C1AA7F6AE}.Release|Any CPU.ActiveCfg = SingleImage
		{624C0B20-A483-4D5C-BD19-E64C1AA7F6AE}.Release|Any CPU.Build.0 = SingleImage
		{624C0B20-A483-4D5C-BD19-E64C1AA7F6AE}.Release|ARM.ActiveCfg = SingleImage
		{624C0B20-A483-4D5C-BD19-E64C1AA7F6AE}.Release|ARM.Build.0 = SingleImage
		{624C0B20-A483-4D5C-BD19-E64C1AA7F6AE}.Release|x64.ActiveCfg = SingleImage
		{624C0B20-A483-4D5C-BD19-E64C1AA7F6AE}.Release|x64.Build.0 = SingleImage
		{624C0B20-A483-4D5C-BD19-E64C1AA7F6AE}.Release|x86.ActiveCfg = SingleImage
		{624C0B20-A483-4D5C-BD19-E64C1AA7F6AE}.Release|x86.Build.0 = SingleImage
		{624C0B20-A483-4D5C-BD19-E64C1AA7F6AE}.SingleImage|Any CPU.ActiveCfg = SingleImage
		{624C0B20-A483-4D5C-BD19-E64C1AA7F6AE}.SingleImage|Any CPU.Build.0 = SingleImage
		{624C0B20-A483-4D5C-BD19-E64C1AA7F6AE}.SingleImage|ARM.ActiveCfg = SingleImage
		{624C0B20-A483-4D5C-BD19-E64C1AA7F6AE}.SingleImage|ARM.Build.0 = SingleImage
		{624C0B20-A483-4D5C-BD19-E64C1AA7F6AE}.SingleImage|x64.ActiveCfg = SingleImage
		{624C0B20-A483-4D5C-BD19-E64C1AA7F6AE}.SingleImage|x64.Build.0 = SingleImage
		{624C0B20-A483-4D5C-BD19-E64C1AA7F6AE}.SingleImage|x86.ActiveCfg = SingleImage
		{624C0B20-A483-4D5C-BD19-E64C1AA7F6AE}.SingleImage|x86.Build.0 = SingleImage
	EndGlobalSection
	GlobalSection(SolutionProperties) = preSolution
		HideSolutionNode = FALSE
	EndGlobalSection
EndGlobal
